// !$*UTF8*$!
{
	archiveVersion = 1;
	classes = {
	};
	objectVersion = 50;
	objects = {

/* Begin PBXBuildFile section */
		9440D11E28B2374000D83E65 /* AppDelegate.swift in Sources */ = {isa = PBXBuildFile; fileRef = 9440D11D28B2374000D83E65 /* AppDelegate.swift */; };
		9440D12028B2374000D83E65 /* SceneDelegate.swift in Sources */ = {isa = PBXBuildFile; fileRef = 9440D11F28B2374000D83E65 /* SceneDelegate.swift */; };
		9440D12228B2374000D83E65 /* ViewController.swift in Sources */ = {isa = PBXBuildFile; fileRef = 9440D12128B2374000D83E65 /* ViewController.swift */; };
		9440D12528B2374000D83E65 /* Main.storyboard in Resources */ = {isa = PBXBuildFile; fileRef = 9440D12328B2374000D83E65 /* Main.storyboard */; };
		9440D12728B2374100D83E65 /* Assets.xcassets in Resources */ = {isa = PBXBuildFile; fileRef = 9440D12628B2374100D83E65 /* Assets.xcassets */; };
		9440D12A28B2374100D83E65 /* LaunchScreen.storyboard in Resources */ = {isa = PBXBuildFile; fileRef = 9440D12828B2374100D83E65 /* LaunchScreen.storyboard */; };
		9440D13528B2374200D83E65 /* PreworkTests.swift in Sources */ = {isa = PBXBuildFile; fileRef = 9440D13428B2374200D83E65 /* PreworkTests.swift */; };
		9440D14028B2374200D83E65 /* PreworkUITests.swift in Sources */ = {isa = PBXBuildFile; fileRef = 9440D13F28B2374200D83E65 /* PreworkUITests.swift */; };
/* End PBXBuildFile section */

/* Begin PBXContainerItemProxy section */
		9440D13128B2374200D83E65 /* PBXContainerItemProxy */ = {
			isa = PBXContainerItemProxy;
			containerPortal = 9440D11228B2373F00D83E65 /* Project object */;
			proxyType = 1;
			remoteGlobalIDString = 9440D11928B2373F00D83E65;
			remoteInfo = Prework;
		};
		9440D13C28B2374200D83E65 /* PBXContainerItemProxy */ = {
			isa = PBXContainerItemProxy;
			containerPortal = 9440D11228B2373F00D83E65 /* Project object */;
			proxyType = 1;
			remoteGlobalIDString = 9440D11928B2373F00D83E65;
			remoteInfo = Prework;
		};
/* End PBXContainerItemProxy section */

/* Begin PBXFileReference section */
		9440D11A28B2374000D83E65 /* Prework.app */ = {isa = PBXFileReference; explicitFileType = wrapper.application; includeInIndex = 0; path = Prework.app; sourceTree = BUILT_PRODUCTS_DIR; };
		9440D11D28B2374000D83E65 /* AppDelegate.swift */ = {isa = PBXFileReference; lastKnownFileType = sourcecode.swift; path = AppDelegate.swift; sourceTree = "<group>"; };
		9440D11F28B2374000D83E65 /* SceneDelegate.swift */ = {isa = PBXFileReference; lastKnownFileType = sourcecode.swift; path = SceneDelegate.swift; sourceTree = "<group>"; };
		9440D12128B2374000D83E65 /* ViewController.swift */ = {isa = PBXFileReference; lastKnownFileType = sourcecode.swift; path = ViewController.swift; sourceTree = "<group>"; };
		9440D12428B2374000D83E65 /* Base */ = {isa = PBXFileReference; lastKnownFileType = file.storyboard; name = Base; path = Base.lproj/Main.storyboard; sourceTree = "<group>"; };
		9440D12628B2374100D83E65 /* Assets.xcassets */ = {isa = PBXFileReference; lastKnownFileType = folder.assetcatalog; path = Assets.xcassets; sourceTree = "<group>"; };
		9440D12928B2374100D83E65 /* Base */ = {isa = PBXFileReference; lastKnownFileType = file.storyboard; name = Base; path = Base.lproj/LaunchScreen.storyboard; sourceTree = "<group>"; };
		9440D12B28B2374100D83E65 /* Info.plist */ = {isa = PBXFileReference; lastKnownFileType = text.plist.xml; path = Info.plist; sourceTree = "<group>"; };
		9440D13028B2374200D83E65 /* PreworkTests.xctest */ = {isa = PBXFileReference; explicitFileType = wrapper.cfbundle; includeInIndex = 0; path = PreworkTests.xctest; sourceTree = BUILT_PRODUCTS_DIR; };
		9440D13428B2374200D83E65 /* PreworkTests.swift */ = {isa = PBXFileReference; lastKnownFileType = sourcecode.swift; path = PreworkTests.swift; sourceTree = "<group>"; };
		9440D13628B2374200D83E65 /* Info.plist */ = {isa = PBXFileReference; lastKnownFileType = text.plist.xml; path = Info.plist; sourceTree = "<group>"; };
		9440D13B28B2374200D83E65 /* PreworkUITests.xctest */ = {isa = PBXFileReference; explicitFileType = wrapper.cfbundle; includeInIndex = 0; path = PreworkUITests.xctest; sourceTree = BUILT_PRODUCTS_DIR; };
		9440D13F28B2374200D83E65 /* PreworkUITests.swift */ = {isa = PBXFileReference; lastKnownFileType = sourcecode.swift; path = PreworkUITests.swift; sourceTree = "<group>"; };
		9440D14128B2374200D83E65 /* Info.plist */ = {isa = PBXFileReference; lastKnownFileType = text.plist.xml; path = Info.plist; sourceTree = "<group>"; };
/* End PBXFileReference section */

/* Begin PBXFrameworksBuildPhase section */
		9440D11728B2373F00D83E65 /* Frameworks */ = {
			isa = PBXFrameworksBuildPhase;
			buildActionMask = 2147483647;
			files = (
			);
			runOnlyForDeploymentPostprocessing = 0;
		};
		9440D12D28B2374200D83E65 /* Frameworks */ = {
			isa = PBXFrameworksBuildPhase;
			buildActionMask = 2147483647;
			files = (
			);
			runOnlyForDeploymentPostprocessing = 0;
		};
		9440D13828B2374200D83E65 /* Frameworks */ = {
			isa = PBXFrameworksBuildPhase;
			buildActionMask = 2147483647;
			files = (
			);
			runOnlyForDeploymentPostprocessing = 0;
		};
/* End PBXFrameworksBuildPhase section */

/* Begin PBXGroup section */
		9440D11128B2373F00D83E65 = {
			isa = PBXGroup;
			children = (
				9440D11C28B2374000D83E65 /* Prework */,
				9440D13328B2374200D83E65 /* PreworkTests */,
				9440D13E28B2374200D83E65 /* PreworkUITests */,
				9440D11B28B2374000D83E65 /* Products */,
			);
			sourceTree = "<group>";
		};
		9440D11B28B2374000D83E65 /* Products */ = {
			isa = PBXGroup;
			children = (
				9440D11A28B2374000D83E65 /* Prework.app */,
				9440D13028B2374200D83E65 /* PreworkTests.xctest */,
				9440D13B28B2374200D83E65 /* PreworkUITests.xctest */,
			);
			name = Products;
			sourceTree = "<group>";
		};
		9440D11C28B2374000D83E65 /* Prework */ = {
			isa = PBXGroup;
			children = (
				9440D11D28B2374000D83E65 /* AppDelegate.swift */,
				9440D11F28B2374000D83E65 /* SceneDelegate.swift */,
				9440D12128B2374000D83E65 /* ViewController.swift */,
				9440D12328B2374000D83E65 /* Main.storyboard */,
				9440D12628B2374100D83E65 /* Assets.xcassets */,
				9440D12828B2374100D83E65 /* LaunchScreen.storyboard */,
				9440D12B28B2374100D83E65 /* Info.plist */,
			);
			path = Prework;
			sourceTree = "<group>";
		};
		9440D13328B2374200D83E65 /* PreworkTests */ = {
			isa = PBXGroup;
			children = (
				9440D13428B2374200D83E65 /* PreworkTests.swift */,
				9440D13628B2374200D83E65 /* Info.plist */,
			);
			path = PreworkTests;
			sourceTree = "<group>";
		};
		9440D13E28B2374200D83E65 /* PreworkUITests */ = {
			isa = PBXGroup;
			children = (
				9440D13F28B2374200D83E65 /* PreworkUITests.swift */,
				9440D14128B2374200D83E65 /* Info.plist */,
			);
			path = PreworkUITests;
			sourceTree = "<group>";
		};
/* End PBXGroup section */

/* Begin PBXNativeTarget section */
		9440D11928B2373F00D83E65 /* Prework */ = {
			isa = PBXNativeTarget;
			buildConfigurationList = 9440D14428B2374200D83E65 /* Build configuration list for PBXNativeTarget "Prework" */;
			buildPhases = (
				9440D11628B2373F00D83E65 /* Sources */,
				9440D11728B2373F00D83E65 /* Frameworks */,
				9440D11828B2373F00D83E65 /* Resources */,
			);
			buildRules = (
			);
			dependencies = (
			);
			name = Prework;
			productName = Prework;
			productReference = 9440D11A28B2374000D83E65 /* Prework.app */;
			productType = "com.apple.product-type.application";
		};
		9440D12F28B2374200D83E65 /* PreworkTests */ = {
			isa = PBXNativeTarget;
			buildConfigurationList = 9440D14728B2374200D83E65 /* Build configuration list for PBXNativeTarget "PreworkTests" */;
			buildPhases = (
				9440D12C28B2374200D83E65 /* Sources */,
				9440D12D28B2374200D83E65 /* Frameworks */,
				9440D12E28B2374200D83E65 /* Resources */,
			);
			buildRules = (
			);
			dependencies = (
				9440D13228B2374200D83E65 /* PBXTargetDependency */,
			);
			name = PreworkTests;
			productName = PreworkTests;
			productReference = 9440D13028B2374200D83E65 /* PreworkTests.xctest */;
			productType = "com.apple.product-type.bundle.unit-test";
		};
		9440D13A28B2374200D83E65 /* PreworkUITests */ = {
			isa = PBXNativeTarget;
			buildConfigurationList = 9440D14A28B2374200D83E65 /* Build configuration list for PBXNativeTarget "PreworkUITests" */;
			buildPhases = (
				9440D13728B2374200D83E65 /* Sources */,
				9440D13828B2374200D83E65 /* Frameworks */,
				9440D13928B2374200D83E65 /* Resources */,
			);
			buildRules = (
			);
			dependencies = (
				9440D13D28B2374200D83E65 /* PBXTargetDependency */,
			);
			name = PreworkUITests;
			productName = PreworkUITests;
			productReference = 9440D13B28B2374200D83E65 /* PreworkUITests.xctest */;
			productType = "com.apple.product-type.bundle.ui-testing";
		};
/* End PBXNativeTarget section */

/* Begin PBXProject section */
		9440D11228B2373F00D83E65 /* Project object */ = {
			isa = PBXProject;
			attributes = {
				LastSwiftUpdateCheck = 1130;
				LastUpgradeCheck = 1130;
				ORGANIZATIONNAME = Sukriti;
				TargetAttributes = {
					9440D11928B2373F00D83E65 = {
						CreatedOnToolsVersion = 11.3.1;
					};
					9440D12F28B2374200D83E65 = {
						CreatedOnToolsVersion = 11.3.1;
						TestTargetID = 9440D11928B2373F00D83E65;
					};
					9440D13A28B2374200D83E65 = {
						CreatedOnToolsVersion = 11.3.1;
						TestTargetID = 9440D11928B2373F00D83E65;
					};
				};
			};
			buildConfigurationList = 9440D11528B2373F00D83E65 /* Build configuration list for PBXProject "Prework" */;
			compatibilityVersion = "Xcode 9.3";
			developmentRegion = en;
			hasScannedForEncodings = 0;
			knownRegions = (
				en,
				Base,
			);
			mainGroup = 9440D11128B2373F00D83E65;
			productRefGroup = 9440D11B28B2374000D83E65 /* Products */;
			projectDirPath = "";
			projectRoot = "";
			targets = (
				9440D11928B2373F00D83E65 /* Prework */,
				9440D12F28B2374200D83E65 /* PreworkTests */,
				9440D13A28B2374200D83E65 /* PreworkUITests */,
			);
		};
/* End PBXProject section */

/* Begin PBXResourcesBuildPhase section */
		9440D11828B2373F00D83E65 /* Resources */ = {
			isa = PBXResourcesBuildPhase;
			buildActionMask = 2147483647;
			files = (
				9440D12A28B2374100D83E65 /* LaunchScreen.storyboard in Resources */,
				9440D12728B2374100D83E65 /* Assets.xcassets in Resources */,
				9440D12528B2374000D83E65 /* Main.storyboard in Resources */,
			);
			runOnlyForDeploymentPostprocessing = 0;
		};
		9440D12E28B2374200D83E65 /* Resources */ = {
			isa = PBXResourcesBuildPhase;
			buildActionMask = 2147483647;
			files = (
			);
			runOnlyForDeploymentPostprocessing = 0;
		};
		9440D13928B2374200D83E65 /* Resources */ = {
			isa = PBXResourcesBuildPhase;
			buildActionMask = 2147483647;
			files = (
			);
			runOnlyForDeploymentPostprocessing = 0;
		};
/* End PBXResourcesBuildPhase section */

/* Begin PBXSourcesBuildPhase section */
		9440D11628B2373F00D83E65 /* Sources */ = {
			isa = PBXSourcesBuildPhase;
			buildActionMask = 2147483647;
			files = (
				9440D12228B2374000D83E65 /* ViewController.swift in Sources */,
				9440D11E28B2374000D83E65 /* AppDelegate.swift in Sources */,
				9440D12028B2374000D83E65 /* SceneDelegate.swift in Sources */,
			);
			runOnlyForDeploymentPostprocessing = 0;
		};
		9440D12C28B2374200D83E65 /* Sources */ = {
			isa = PBXSourcesBuildPhase;
			buildActionMask = 2147483647;
			files = (
				9440D13528B2374200D83E65 /* PreworkTests.swift in Sources */,
			);
			runOnlyForDeploymentPostprocessing = 0;
		};
		9440D13728B2374200D83E65 /* Sources */ = {
			isa = PBXSourcesBuildPhase;
			buildActionMask = 2147483647;
			files = (
				9440D14028B2374200D83E65 /* PreworkUITests.swift in Sources */,
			);
			runOnlyForDeploymentPostprocessing = 0;
		};
/* End PBXSourcesBuildPhase section */

/* Begin PBXTargetDependency section */
		9440D13228B2374200D83E65 /* PBXTargetDependency */ = {
			isa = PBXTargetDependency;
			target = 9440D11928B2373F00D83E65 /* Prework */;
			targetProxy = 9440D13128B2374200D83E65 /* PBXContainerItemProxy */;
		};
		9440D13D28B2374200D83E65 /* PBXTargetDependency */ = {
			isa = PBXTargetDependency;
			target = 9440D11928B2373F00D83E65 /* Prework */;
			targetProxy = 9440D13C28B2374200D83E65 /* PBXContainerItemProxy */;
		};
/* End PBXTargetDependency section */

/* Begin PBXVariantGroup section */
		9440D12328B2374000D83E65 /* Main.storyboard */ = {
			isa = PBXVariantGroup;
			children = (
				9440D12428B2374000D83E65 /* Base */,
			);
			name = Main.storyboard;
			sourceTree = "<group>";
		};
		9440D12828B2374100D83E65 /* LaunchScreen.storyboard */ = {
			isa = PBXVariantGroup;
			children = (
				9440D12928B2374100D83E65 /* Base */,
			);
			name = LaunchScreen.storyboard;
			sourceTree = "<group>";
		};
/* End PBXVariantGroup section */

/* Begin XCBuildConfiguration section */
		9440D14228B2374200D83E65 /* Debug */ = {
			isa = XCBuildConfiguration;
			buildSettings = {
				ALWAYS_SEARCH_USER_PATHS = NO;
				CLANG_ANALYZER_NONNULL = YES;
				CLANG_ANALYZER_NUMBER_OBJECT_CONVERSION = YES_AGGRESSIVE;
				CLANG_CXX_LANGUAGE_STANDARD = "gnu++14";
				CLANG_CXX_LIBRARY = "libc++";
				CLANG_ENABLE_MODULES = YES;
				CLANG_ENABLE_OBJC_ARC = YES;
				CLANG_ENABLE_OBJC_WEAK = YES;
				CLANG_WARN_BLOCK_CAPTURE_AUTORELEASING = YES;
				CLANG_WARN_BOOL_CONVERSION = YES;
				CLANG_WARN_COMMA = YES;
				CLANG_WARN_CONSTANT_CONVERSION = YES;
				CLANG_WARN_DEPRECATED_OBJC_IMPLEMENTATIONS = YES;
				CLANG_WARN_DIRECT_OBJC_ISA_USAGE = YES_ERROR;
				CLANG_WARN_DOCUMENTATION_COMMENTS = YES;
				CLANG_WARN_EMPTY_BODY = YES;
				CLANG_WARN_ENUM_CONVERSION = YES;
				CLANG_WARN_INFINITE_RECURSION = YES;
				CLANG_WARN_INT_CONVERSION = YES;
				CLANG_WARN_NON_LITERAL_NULL_CONVERSION = YES;
				CLANG_WARN_OBJC_IMPLICIT_RETAIN_SELF = YES;
				CLANG_WARN_OBJC_LITERAL_CONVERSION = YES;
				CLANG_WARN_OBJC_ROOT_CLASS = YES_ERROR;
				CLANG_WARN_RANGE_LOOP_ANALYSIS = YES;
				CLANG_WARN_STRICT_PROTOTYPES = YES;
				CLANG_WARN_SUSPICIOUS_MOVE = YES;
				CLANG_WARN_UNGUARDED_AVAILABILITY = YES_AGGRESSIVE;
				CLANG_WARN_UNREACHABLE_CODE = YES;
				CLANG_WARN__DUPLICATE_METHOD_MATCH = YES;
				COPY_PHASE_STRIP = NO;
				DEBUG_INFORMATION_FORMAT = dwarf;
				ENABLE_STRICT_OBJC_MSGSEND = YES;
				ENABLE_TESTABILITY = YES;
				GCC_C_LANGUAGE_STANDARD = gnu11;
				GCC_DYNAMIC_NO_PIC = NO;
				GCC_NO_COMMON_BLOCKS = YES;
				GCC_OPTIMIZATION_LEVEL = 0;
				GCC_PREPROCESSOR_DEFINITIONS = (
					"DEBUG=1",
					"$(inherited)",
				);
				GCC_WARN_64_TO_32_BIT_CONVERSION = YES;
				GCC_WARN_ABOUT_RETURN_TYPE = YES_ERROR;
				GCC_WARN_UNDECLARED_SELECTOR = YES;
				GCC_WARN_UNINITIALIZED_AUTOS = YES_AGGRESSIVE;
				GCC_WARN_UNUSED_FUNCTION = YES;
				GCC_WARN_UNUSED_VARIABLE = YES;
				IPHONEOS_DEPLOYMENT_TARGET = 13.2;
				MTL_ENABLE_DEBUG_INFO = INCLUDE_SOURCE;
				MTL_FAST_MATH = YES;
				ONLY_ACTIVE_ARCH = YES;
				SDKROOT = iphoneos;
				SWIFT_ACTIVE_COMPILATION_CONDITIONS = DEBUG;
				SWIFT_OPTIMIZATION_LEVEL = "-Onone";
			};
			name = Debug;
		};
		9440D14328B2374200D83E65 /* Release */ = {
			isa = XCBuildConfiguration;
			buildSettings = {
				ALWAYS_SEARCH_USER_PATHS = NO;
				CLANG_ANALYZER_NONNULL = YES;
				CLANG_ANALYZER_NUMBER_OBJECT_CONVERSION = YES_AGGRESSIVE;
				CLANG_CXX_LANGUAGE_STANDARD = "gnu++14";
				CLANG_CXX_LIBRARY = "libc++";
				CLANG_ENABLE_MODULES = YES;
				CLANG_ENABLE_OBJC_ARC = YES;
				CLANG_ENABLE_OBJC_WEAK = YES;
				CLANG_WARN_BLOCK_CAPTURE_AUTORELEASING = YES;
				CLANG_WARN_BOOL_CONVERSION = YES;
				CLANG_WARN_COMMA = YES;
				CLANG_WARN_CONSTANT_CONVERSION = YES;
				CLANG_WARN_DEPRECATED_OBJC_IMPLEMENTATIONS = YES;
				CLANG_WARN_DIRECT_OBJC_ISA_USAGE = YES_ERROR;
				CLANG_WARN_DOCUMENTATION_COMMENTS = YES;
				CLANG_WARN_EMPTY_BODY = YES;
				CLANG_WARN_ENUM_CONVERSION = YES;
				CLANG_WARN_INFINITE_RECURSION = YES;
				CLANG_WARN_INT_CONVERSION = YES;
				CLANG_WARN_NON_LITERAL_NULL_CONVERSION = YES;
				CLANG_WARN_OBJC_IMPLICIT_RETAIN_SELF = YES;
				CLANG_WARN_OBJC_LITERAL_CONVERSION = YES;
				CLANG_WARN_OBJC_ROOT_CLASS = YES_ERROR;
				CLANG_WARN_RANGE_LOOP_ANALYSIS = YES;
				CLANG_WARN_STRICT_PROTOTYPES = YES;
				CLANG_WARN_SUSPICIOUS_MOVE = YES;
				CLANG_WARN_UNGUARDED_AVAILABILITY = YES_AGGRESSIVE;
				CLANG_WARN_UNREACHABLE_CODE = YES;
				CLANG_WARN__DUPLICATE_METHOD_MATCH = YES;
				COPY_PHASE_STRIP = NO;
				DEBUG_INFORMATION_FORMAT = "dwarf-with-dsym";
				ENABLE_NS_ASSERTIONS = NO;
				ENABLE_STRICT_OBJC_MSGSEND = YES;
				GCC_C_LANGUAGE_STANDARD = gnu11;
				GCC_NO_COMMON_BLOCKS = YES;
				GCC_WARN_64_TO_32_BIT_CONVERSION = YES;
				GCC_WARN_ABOUT_RETURN_TYPE = YES_ERROR;
				GCC_WARN_UNDECLARED_SELECTOR = YES;
				GCC_WARN_UNINITIALIZED_AUTOS = YES_AGGRESSIVE;
				GCC_WARN_UNUSED_FUNCTION = YES;
				GCC_WARN_UNUSED_VARIABLE = YES;
				IPHONEOS_DEPLOYMENT_TARGET = 13.2;
				MTL_ENABLE_DEBUG_INFO = NO;
				MTL_FAST_MATH = YES;
				SDKROOT = iphoneos;
				SWIFT_COMPILATION_MODE = wholemodule;
				SWIFT_OPTIMIZATION_LEVEL = "-O";
				VALIDATE_PRODUCT = YES;
			};
			name = Release;
		};
		9440D14528B2374200D83E65 /* Debug */ = {
			isa = XCBuildConfiguration;
			buildSettings = {
				ASSETCATALOG_COMPILER_APPICON_NAME = AppIcon;
				CODE_SIGN_STYLE = Automatic;
				INFOPLIST_FILE = Prework/Info.plist;
				LD_RUNPATH_SEARCH_PATHS = (
					"$(inherited)",
					"@executable_path/Frameworks",
				);
				PRODUCT_BUNDLE_IDENTIFIER = "yada-yada-yada.Prework";
				PRODUCT_NAME = "$(TARGET_NAME)";
				SWIFT_VERSION = 5.0;
				TARGETED_DEVICE_FAMILY = "1,2";
			};
			name = Debug;
		};
		9440D14628B2374200D83E65 /* Release */ = {
			isa = XCBuildConfiguration;
			buildSettings = {
				ASSETCATALOG_COMPILER_APPICON_NAME = AppIcon;
				CODE_SIGN_STYLE = Automatic;
				INFOPLIST_FILE = Prework/Info.plist;
				LD_RUNPATH_SEARCH_PATHS = (
					"$(inherited)",
					"@executable_path/Frameworks",
				);
				PRODUCT_BUNDLE_IDENTIFIER = "yada-yada-yada.Prework";
				PRODUCT_NAME = "$(TARGET_NAME)";
				SWIFT_VERSION = 5.0;
				TARGETED_DEVICE_FAMILY = "1,2";
			};
			name = Release;
		};
		9440D14828B2374200D83E65 /* Debug */ = {
			isa = XCBuildConfiguration;
			buildSettings = {
				ALWAYS_EMBED_SWIFT_STANDARD_LIBRARIES = YES;
				BUNDLE_LOADER = "$(TEST_HOST)";
				CODE_SIGN_STYLE = Automatic;
				INFOPLIST_FILE = PreworkTests/Info.plist;
				IPHONEOS_DEPLOYMENT_TARGET = 13.2;
				LD_RUNPATH_SEARCH_PATHS = (
					"$(inherited)",
					"@executable_path/Frameworks",
					"@loader_path/Frameworks",
				);
				PRODUCT_BUNDLE_IDENTIFIER = "yada-yada-yada.PreworkTests";
				PRODUCT_NAME = "$(TARGET_NAME)";
				SWIFT_VERSION = 5.0;
				TARGETED_DEVICE_FAMILY = "1,2";
				TEST_HOST = "$(BUILT_PRODUCTS_DIR)/Prework.app/Prework";
			};
			name = Debug;
		};
		9440D14928B2374200D83E65 /* Release */ = {
			isa = XCBuildConfiguration;
			buildSettings = {
				ALWAYS_EMBED_SWIFT_STANDARD_LIBRARIES = YES;
				BUNDLE_LOADER = "$(TEST_HOST)";
				CODE_SIGN_STYLE = Automatic;
				INFOPLIST_FILE = PreworkTests/Info.plist;
				IPHONEOS_DEPLOYMENT_TARGET = 13.2;
				LD_RUNPATH_SEARCH_PATHS = (
					"$(inherited)",
					"@executable_path/Frameworks",
					"@loader_path/Frameworks",
				);
				PRODUCT_BUNDLE_IDENTIFIER = "yada-yada-yada.PreworkTests";
				PRODUCT_NAME = "$(TARGET_NAME)";
				SWIFT_VERSION = 5.0;
				TARGETED_DEVICE_FAMILY = "1,2";
				TEST_HOST = "$(BUILT_PRODUCTS_DIR)/Prework.app/Prework";
			};
			name = Release;
		};
		9440D14B28B2374200D83E65 /* Debug */ = {
			isa = XCBuildConfiguration;
			buildSettings = {
				ALWAYS_EMBED_SWIFT_STANDARD_LIBRARIES = YES;
				CODE_SIGN_STYLE = Automatic;
				INFOPLIST_FILE = PreworkUITests/Info.plist;
				LD_RUNPATH_SEARCH_PATHS = (
					"$(inherited)",
					"@executable_path/Frameworks",
					"@loader_path/Frameworks",
				);
				PRODUCT_BUNDLE_IDENTIFIER = "yada-yada-yada.PreworkUITests";
				PRODUCT_NAME = "$(TARGET_NAME)";
				SWIFT_VERSION = 5.0;
				TARGETED_DEVICE_FAMILY = "1,2";
				TEST_TARGET_NAME = Prework;
			};
			name = Debug;
		};
		9440D14C28B2374200D83E65 /* Release */ = {
			isa = XCBuildConfiguration;
			buildSettings = {
				ALWAYS_EMBED_SWIFT_STANDARD_LIBRARIES = YES;
				CODE_SIGN_STYLE = Automatic;
				INFOPLIST_FILE = PreworkUITests/Info.plist;
				LD_RUNPATH_SEARCH_PATHS = (
					"$(inherited)",
					"@executable_path/Frameworks",
					"@loader_path/Frameworks",
				);
				PRODUCT_BUNDLE_IDENTIFIER = "yada-yada-yada.PreworkUITests";
				PRODUCT_NAME = "$(TARGET_NAME)";
				SWIFT_VERSION = 5.0;
				TARGETED_DEVICE_FAMILY = "1,2";
				TEST_TARGET_NAME = Prework;
			};
			name = Release;
		};
/* End XCBuildConfiguration section */

/* Begin XCConfigurationList section */
		9440D11528B2373F00D83E65 /* Build configuration list for PBXProject "Prework" */ = {
			isa = XCConfigurationList;
			buildConfigurations = (
				9440D14228B2374200D83E65 /* Debug */,
				9440D14328B2374200D83E65 /* Release */,
			);
			defaultConfigurationIsVisible = 0;
			defaultConfigurationName = Release;
		};
		9440D14428B2374200D83E65 /* Build configuration list for PBXNativeTarget "Prework" */ = {
			isa = XCConfigurationList;
			buildConfigurations = (
				9440D14528B2374200D83E65 /* Debug */,
				9440D14628B2374200D83E65 /* Release */,
			);
			defaultConfigurationIsVisible = 0;
			defaultConfigurationName = Release;
		};
		9440D14728B2374200D83E65 /* Build configuration list for PBXNativeTarget "PreworkTests" */ = {
			isa = XCConfigurationList;
			buildConfigurations = (
				9440D14828B2374200D83E65 /* Debug */,
				9440D14928B2374200D83E65 /* Release */,
			);
			defaultConfigurationIsVisible = 0;
			defaultConfigurationName = Release;
		};
		9440D14A28B2374200D83E65 /* Build configuration list for PBXNativeTarget "PreworkUITests" */ = {
			isa = XCConfigurationList;
			buildConfigurations = (
				9440D14B28B2374200D83E65 /* Debug */,
				9440D14C28B2374200D83E65 /* Release */,
			);
			defaultConfigurationIsVisible = 0;
			defaultConfigurationName = Release;
		};
/* End XCConfigurationList section */
	};
	rootObject = 9440D11228B2373F00D83E65 /* Project object */;
}
